{
  "name": "lavende",
  "version": "0.1.3",
  "lockfileVersion": 3,
  "requires": true,
  "packages": {
    "": {
      "name": "lavende",
      "version": "0.1.0",
      "license": "Apache-2.0",
      "devDependencies": {
        "@napi-rs/cli": "^2.18.4",
        "@types/node": "^26.0.1",
        "typescript": "^5.4.0"
      },
      "engines": {
        "node": ">= 16"
      },
      "optionalDependencies": {
        "lavende-darwin-arm64": "0.1.0",
        "lavende-darwin-x64": "0.1.0",
        "lavende-linux-arm64-gnu": "0.1.0",
        "lavende-linux-x64-gnu": "0.1.0",
        "lavende-win32-x64-msvc": "0.1.0"
      }
    },
    "node_modules/@napi-rs/cli": {
      "version": "2.18.4",
      "resolved": "https://registry.npmjs.org/@napi-rs/cli/-/cli-2.18.4.tgz",
      "integrity": "sha512-SgJeA4df9DE2iAEpr3M2H0OKl/yjtg1BnRI5/JyowS71tUWhrfSu2LT0V3vlHET+g1hBVlrO60PmEXwUEKp8Mg==",
      "dev": true,
      "license": "MIT",
      "bin": {
        "napi": "scripts/index.js"
      },
      "engines": {
        "node": ">= 10"
      },
      "funding": {
        "type": "github",
        "url": "https://github.com/sponsors/Brooooooklyn"
      }
    },
    "node_modules/@types/node": {
      "version": "26.0.1",
      "resolved": "https://registry.npmjs.org/@types/node/-/node-26.0.1.tgz",
      "integrity": "sha512-fc3KiUoBt6kie0N9bIW3E47vZsuaMf0PM2AaUpLCLT0s/LvX1nxAim6Fc049cNxODPpGm6qRAuUOB86SkRuPQw==",
      "dev": true,
      "license": "MIT",
      "dependencies": {
        "undici-types": "~8.3.0"
      }
    },
    "node_modules/lavende": {
      "version": "0.1.0",
      "resolved": "https://registry.npmjs.org/lavende/-/lavende-0.1.0.tgz",
      "integrity": "sha512-2vYwTpKwzZ0ug3oabn0PvZS6vU7KaqxfWw9GWeiOZ6fJpjFDI7Nft/SxZn7FmdSSXEET3BeeSiM06yL9RdhFOQ==",
      "license": "Apache-2.0",
      "engines": {
        "node": ">= 16"
      },
      "optionalDependencies": {
        "lavende-darwin-arm64": "0.1.0",
        "lavende-darwin-x64": "0.1.0",
        "lavende-linux-arm64-gnu": "0.1.0",
        "lavende-linux-x64-gnu": "0.1.0",
        "lavende-win32-x64-msvc": "0.1.0"
      }
    },
    "node_modules/typescript": {
      "version": "5.9.3",
      "resolved": "https://registry.npmjs.org/typescript/-/typescript-5.9.3.tgz",
      "integrity": "sha512-jl1vZzPDinLr9eUt3J/t7V6FgNEw9QjvBPdysz9KfQDD41fQrC2Y4vKQdiaUpFT4bXlb1RHhLpp8wtm6M5TgSw==",
      "dev": true,
      "license": "Apache-2.0",
      "bin": {
        "tsc": "bin/tsc",
        "tsserver": "bin/tsserver"
      },
      "engines": {
        "node": ">=14.17"
      }
    },
    "node_modules/undici-types": {
      "version": "8.3.0",
      "resolved": "https://registry.npmjs.org/undici-types/-/undici-types-8.3.0.tgz",
      "integrity": "sha512-j375ScV60dom+YkPFIfTLcOiPxkN/buHz5GobjLhixFuANaNs3C9l4GmrWqejgXWJ7BbJcFYpTEUkS1Ge8bpZQ==",
      "dev": true,
      "license": "MIT"
    }
  }
}
